
Microsoft Visual Studio Solution File, Format Version 12.00
# Visual Studio Version 16
VisualStudioVersion = 16.0.30523.141
MinimumVisualStudioVersion = 10.0.40219.1
Project("{9A19103F-16F7-4668-BE54-9A1E7A4F7556}") = "TriviaGameRestEFAPI", "TriviaGameRestEFAPI\TriviaGameRestEFAPI.csproj", "{D1D0F55C-5392-4A81-9590-683AEA497E2D}"
EndProject
Project("{9A19103F-16F7-4668-BE54-9A1E7A4F7556}") = "TriviaGameRestEFAPI.Data", "TriviaGameRestEFAPI.Data\TriviaGameRestEFAPI.Data.csproj", "{2FDFF682-9AAC-47DA-8AD0-9D78CC322407}"
EndProject
Project("{9A19103F-16F7-4668-BE54-9A1E7A4F7556}") = "TriviaGameRestEFAPI.BLL", "TriviaGameRestEFAPI.BLL\TriviaGameRestEFAPI.BLL.csproj", "{D1926449-BEE6-4FEC-8C45-70FE0CD43F42}"
EndProject
Project("{9A19103F-16F7-4668-BE54-9A1E7A4F7556}") = "NUnitTestTriviaGameRestEFAPIBLL", "NUnitTestTriviaGameRestEFAPIBLL\NUnitTestTriviaGameRestEFAPIBLL.csproj", "{7A26E509-D7C2-4F42-8E11-2B89CCB26B4F}"
EndProject
Global
	GlobalSection(SolutionConfigurationPlatforms) = preSolution
		Debug|Any CPU = Debug|Any CPU
		Release|Any CPU = Release|Any CPU
	EndGlobalSection
	GlobalSection(ProjectConfigurationPlatforms) = postSolution
		{D1D0F55C-5392-4A81-9590-683AEA497E2D}.Debug|Any CPU.ActiveCfg = Debug|Any CPU
		{D1D0F55C-5392-4A81-9590-683AEA497E2D}.Debug|Any CPU.Build.0 = Debug|Any CPU
		{D1D0F55C-5392-4A81-9590-683AEA497E2D}.Release|Any CPU.ActiveCfg = Release|Any CPU
		{D1D0F55C-5392-4A81-9590-683AEA497E2D}.Release|Any CPU.Build.0 = Release|Any CPU
		{2FDFF682-9AAC-47DA-8AD0-9D78CC322407}.Debug|Any CPU.ActiveCfg = Debug|Any CPU
		{2FDFF682-9AAC-47DA-8AD0-9D78CC322407}.Debug|Any CPU.Build.0 = Debug|Any CPU
		{2FDFF682-9AAC-47DA-8AD0-9D78CC322407}.Release|Any CPU.ActiveCfg = Release|Any CPU
		{2FDFF682-9AAC-47DA-8AD0-9D78CC322407}.Release|Any CPU.Build.0 = Release|Any CPU
		{D1926449-BEE6-4FEC-8C45-70FE0CD43F42}.Debug|Any CPU.ActiveCfg = Debug|Any CPU
		{D1926449-BEE6-4FEC-8C45-70FE0CD43F42}.Debug|Any CPU.Build.0 = Debug|Any CPU
		{D1926449-BEE6-4FEC-8C45-70FE0CD43F42}.Release|Any CPU.ActiveCfg = Release|Any CPU
		{D1926449-BEE6-4FEC-8C45-70FE0CD43F42}.Release|Any CPU.Build.0 = Release|Any CPU
		{7A26E509-D7C2-4F42-8E11-2B89CCB26B4F}.Debug|Any CPU.ActiveCfg = Debug|Any CPU
		{7A26E509-D7C2-4F42-8E11-2B89CCB26B4F}.Debug|Any CPU.Build.0 = Debug|Any CPU
		{7A26E509-D7C2-4F42-8E11-2B89CCB26B4F}.Release|Any CPU.ActiveCfg = Release|Any CPU
		{7A26E509-D7C2-4F42-8E11-2B89CCB26B4F}.Release|Any CPU.Build.0 = Release|Any CPU
	EndGlobalSection
	GlobalSection(SolutionProperties) = preSolution
		HideSolutionNode = FALSE
	EndGlobalSection
	GlobalSection(ExtensibilityGlobals) = postSolution
		SolutionGuid = {6467A957-4994-49D6-982D-085A9EC21B7E}
	EndGlobalSection
EndGlobal
